
Microsoft Visual Studio Solution File, Format Version 12.00
# Visual Studio Version 16
VisualStudioVersion = 16.0.31105.61
MinimumVisualStudioVersion = 10.0.40219.1
Project("{9A19103F-16F7-4668-BE54-9A1E7A4F7556}") = "AllPrograms", "AllPrograms.csproj", "{67D6BD7B-FF47-4B8C-A9A6-8B18709E1E0C}"
EndProject
Project("{FAE04EC0-301F-11D3-BF4B-00C04F79EFBC}") = "ConsoleApp", "..\ConsoleApp\ConsoleApp.csproj", "{DC543D05-AB80-45FC-8EE3-859F8A9F69E9}"
EndProject
Global
	GlobalSection(SolutionConfigurationPlatforms) = preSolution
		Debug|Any CPU = Debug|Any CPU
		Release|Any CPU = Release|Any CPU
	EndGlobalSection
	GlobalSection(ProjectConfigurationPlatforms) = postSolution
		{67D6BD7B-FF47-4B8C-A9A6-8B18709E1E0C}.Debug|Any CPU.ActiveCfg = Debug|Any CPU
		{67D6BD7B-FF47-4B8C-A9A6-8B18709E1E0C}.Debug|Any CPU.Build.0 = Debug|Any CPU
		{67D6BD7B-FF47-4B8C-A9A6-8B18709E1E0C}.Release|Any CPU.ActiveCfg = Release|Any CPU
		{67D6BD7B-FF47-4B8C-A9A6-8B18709E1E0C}.Release|Any CPU.Build.0 = Release|Any CPU
		{DC543D05-AB80-45FC-8EE3-859F8A9F69E9}.Debug|Any CPU.ActiveCfg = Debug|Any CPU
		{DC543D05-AB80-45FC-8EE3-859F8A9F69E9}.Debug|Any CPU.Build.0 = Debug|Any CPU
		{DC543D05-AB80-45FC-8EE3-859F8A9F69E9}.Release|Any CPU.ActiveCfg = Release|Any CPU
		{DC543D05-AB80-45FC-8EE3-859F8A9F69E9}.Release|Any CPU.Build.0 = Release|Any CPU
	EndGlobalSection
	GlobalSection(SolutionProperties) = preSolution
		HideSolutionNode = FALSE
	EndGlobalSection
	GlobalSection(ExtensibilityGlobals) = postSolution
		SolutionGuid = {7640EB5A-B3ED-4943-8DFE-687A4A030AA9}
	EndGlobalSection
EndGlobal
